
Microsoft Visual Studio Solution File, Format Version 12.00
# Visual Studio Version 16
VisualStudioVersion = 16.0.30503.244
MinimumVisualStudioVersion = 10.0.40219.1
Project("{FAE04EC0-301F-11D3-BF4B-00C04F79EFBC}") = "Vigener", "Vigener\Vigener.csproj", "{013947FE-E04C-47E0-9AE7-69C286424FD8}"
EndProject
Global
	GlobalSection(SolutionConfigurationPlatforms) = preSolution
		Debug|Any CPU = Debug|Any CPU
		Release|Any CPU = Release|Any CPU
	EndGlobalSection
	GlobalSection(ProjectConfigurationPlatforms) = postSolution
		{013947FE-E04C-47E0-9AE7-69C286424FD8}.Debug|Any CPU.ActiveCfg = Debug|Any CPU
		{013947FE-E04C-47E0-9AE7-69C286424FD8}.Debug|Any CPU.Build.0 = Debug|Any CPU
		{013947FE-E04C-47E0-9AE7-69C286424FD8}.Release|Any CPU.ActiveCfg = Release|Any CPU
		{013947FE-E04C-47E0-9AE7-69C286424FD8}.Release|Any CPU.Build.0 = Release|Any CPU
	EndGlobalSection
	GlobalSection(SolutionProperties) = preSolution
		HideSolutionNode = FALSE
	EndGlobalSection
	GlobalSection(ExtensibilityGlobals) = postSolution
		SolutionGuid = {E717A8CE-3D0A-4AE8-B4EA-6C1EB86C0BC7}
	EndGlobalSection
EndGlobal
